
Microsoft Visual Studio Solution File, Format Version 12.00
# Visual Studio Version 17
VisualStudioVersion = 17.0.31903.59
MinimumVisualStudioVersion = 10.0.40219.1
Project("{FAE04EC0-301F-11D3-BF4B-00C04F79EFBC}") = "CoffeeOrder", "CoffeeOrder\CoffeeOrder.csproj", "{7611CAE8-0AD9-4B44-A770-67F26ACBF1F9}"
EndProject
Project("{FAE04EC0-301F-11D3-BF4B-00C04F79EFBC}") = "CoffeeOrder.Tests", "CoffeeOrder.Tests\CoffeeOrder.Tests.csproj", "{2FAE23C4-9DD4-4197-BBF4-3E903D64AEC3}"
EndProject
Global
	GlobalSection(SolutionConfigurationPlatforms) = preSolution
		Debug|Any CPU = Debug|Any CPU
		Debug|x64 = Debug|x64
		Debug|x86 = Debug|x86
		Release|Any CPU = Release|Any CPU
		Release|x64 = Release|x64
		Release|x86 = Release|x86
	EndGlobalSection
	GlobalSection(ProjectConfigurationPlatforms) = postSolution
		{7611CAE8-0AD9-4B44-A770-67F26ACBF1F9}.Debug|Any CPU.ActiveCfg = Debug|Any CPU
		{7611CAE8-0AD9-4B44-A770-67F26ACBF1F9}.Debug|Any CPU.Build.0 = Debug|Any CPU
		{7611CAE8-0AD9-4B44-A770-67F26ACBF1F9}.Debug|x64.ActiveCfg = Debug|Any CPU
		{7611CAE8-0AD9-4B44-A770-67F26ACBF1F9}.Debug|x64.Build.0 = Debug|Any CPU
		{7611CAE8-0AD9-4B44-A770-67F26ACBF1F9}.Debug|x86.ActiveCfg = Debug|Any CPU
		{7611CAE8-0AD9-4B44-A770-67F26ACBF1F9}.Debug|x86.Build.0 = Debug|Any CPU
		{7611CAE8-0AD9-4B44-A770-67F26ACBF1F9}.Release|Any CPU.ActiveCfg = Release|Any CPU
		{7611CAE8-0AD9-4B44-A770-67F26ACBF1F9}.Release|Any CPU.Build.0 = Release|Any CPU
		{7611CAE8-0AD9-4B44-A770-67F26ACBF1F9}.Release|x64.ActiveCfg = Release|Any CPU
		{7611CAE8-0AD9-4B44-A770-67F26ACBF1F9}.Release|x64.Build.0 = Release|Any CPU
		{7611CAE8-0AD9-4B44-A770-67F26ACBF1F9}.Release|x86.ActiveCfg = Release|Any CPU
		{7611CAE8-0AD9-4B44-A770-67F26ACBF1F9}.Release|x86.Build.0 = Release|Any CPU
		{2FAE23C4-9DD4-4197-BBF4-3E903D64AEC3}.Debug|Any CPU.ActiveCfg = Debug|Any CPU
		{2FAE23C4-9DD4-4197-BBF4-3E903D64AEC3}.Debug|Any CPU.Build.0 = Debug|Any CPU
		{2FAE23C4-9DD4-4197-BBF4-3E903D64AEC3}.Debug|x64.ActiveCfg = Debug|Any CPU
		{2FAE23C4-9DD4-4197-BBF4-3E903D64AEC3}.Debug|x64.Build.0 = Debug|Any CPU
		{2FAE23C4-9DD4-4197-BBF4-3E903D64AEC3}.Debug|x86.ActiveCfg = Debug|Any CPU
		{2FAE23C4-9DD4-4197-BBF4-3E903D64AEC3}.Debug|x86.Build.0 = Debug|Any CPU
		{2FAE23C4-9DD4-4197-BBF4-3E903D64AEC3}.Release|Any CPU.ActiveCfg = Release|Any CPU
		{2FAE23C4-9DD4-4197-BBF4-3E903D64AEC3}.Release|Any CPU.Build.0 = Release|Any CPU
		{2FAE23C4-9DD4-4197-BBF4-3E903D64AEC3}.Release|x64.ActiveCfg = Release|Any CPU
		{2FAE23C4-9DD4-4197-BBF4-3E903D64AEC3}.Release|x64.Build.0 = Release|Any CPU
		{2FAE23C4-9DD4-4197-BBF4-3E903D64AEC3}.Release|x86.ActiveCfg = Release|Any CPU
		{2FAE23C4-9DD4-4197-BBF4-3E903D64AEC3}.Release|x86.Build.0 = Release|Any CPU
	EndGlobalSection
	GlobalSection(SolutionProperties) = preSolution
		HideSolutionNode = FALSE
	EndGlobalSection
EndGlobal
